
Microsoft Visual Studio Solution File, Format Version 12.00
# Visual Studio Version 17
VisualStudioVersion = 17.8.34511.84
MinimumVisualStudioVersion = 10.0.40219.1
Project("{FAE04EC0-301F-11D3-BF4B-00C04F79EFBC}") = "тема 18 кп 2", "тема 18 кп 2.csproj", "{32009AE4-3519-457C-AFE7-B8AB4C1E7DC9}"
EndProject
Global
	GlobalSection(SolutionConfigurationPlatforms) = preSolution
		Debug|Any CPU = Debug|Any CPU
		Release|Any CPU = Release|Any CPU
	EndGlobalSection
	GlobalSection(ProjectConfigurationPlatforms) = postSolution
		{32009AE4-3519-457C-AFE7-B8AB4C1E7DC9}.Debug|Any CPU.ActiveCfg = Debug|Any CPU
		{32009AE4-3519-457C-AFE7-B8AB4C1E7DC9}.Debug|Any CPU.Build.0 = Debug|Any CPU
		{32009AE4-3519-457C-AFE7-B8AB4C1E7DC9}.Release|Any CPU.ActiveCfg = Release|Any CPU
		{32009AE4-3519-457C-AFE7-B8AB4C1E7DC9}.Release|Any CPU.Build.0 = Release|Any CPU
	EndGlobalSection
	GlobalSection(SolutionProperties) = preSolution
		HideSolutionNode = FALSE
	EndGlobalSection
	GlobalSection(ExtensibilityGlobals) = postSolution
		SolutionGuid = {B53E1DBC-2F4C-4320-AFFA-48F0B133CFDB}
	EndGlobalSection
EndGlobal
